
Microsoft Visual Studio Solution File, Format Version 12.00
# Visual Studio Version 16
VisualStudioVersion = 16.0.30621.155
MinimumVisualStudioVersion = 10.0.40219.1
Project("{FAE04EC0-301F-11D3-BF4B-00C04F79EFBC}") = "Homework8App", "Homework8App\Homework8App.csproj", "{1690A649-1D66-4249-AE2A-4E77EAA44180}"
EndProject
Global
	GlobalSection(SolutionConfigurationPlatforms) = preSolution
		Debug|Any CPU = Debug|Any CPU
		Release|Any CPU = Release|Any CPU
	EndGlobalSection
	GlobalSection(ProjectConfigurationPlatforms) = postSolution
		{1690A649-1D66-4249-AE2A-4E77EAA44180}.Debug|Any CPU.ActiveCfg = Debug|Any CPU
		{1690A649-1D66-4249-AE2A-4E77EAA44180}.Debug|Any CPU.Build.0 = Debug|Any CPU
		{1690A649-1D66-4249-AE2A-4E77EAA44180}.Release|Any CPU.ActiveCfg = Release|Any CPU
		{1690A649-1D66-4249-AE2A-4E77EAA44180}.Release|Any CPU.Build.0 = Release|Any CPU
	EndGlobalSection
	GlobalSection(SolutionProperties) = preSolution
		HideSolutionNode = FALSE
	EndGlobalSection
	GlobalSection(ExtensibilityGlobals) = postSolution
		SolutionGuid = {6AD226E5-255A-497C-B09D-A4B65EDFC8B2}
	EndGlobalSection
EndGlobal
